// !$*UTF8*$!
{
	archiveVersion = 1;
	classes = {
	};
	objectVersion = 77;
	objects = {

/* Begin PBXBuildFile section */
		BD668E492E3A8CC200B9C0EF /* Questions.swift in Sources */ = {isa = PBXBuildFile; fileRef = BD668E472E3A8CC200B9C0EF /* Questions.swift */; };
		BD668E572E3C152E00B9C0EF /* SecondViewofMathQuiz.swift in Sources */ = {isa = PBXBuildFile; fileRef = BD668E562E3C152E00B9C0EF /* SecondViewofMathQuiz.swift */; };
		BD668E592E3C157500B9C0EF /* ThirdViewofMathQuiz.swift in Sources */ = {isa = PBXBuildFile; fileRef = BD668E582E3C157500B9C0EF /* ThirdViewofMathQuiz.swift */; };
		BD668E5B2E3C159C00B9C0EF /* FourthViewofMathQuiz.swift in Sources */ = {isa = PBXBuildFile; fileRef = BD668E5A2E3C159C00B9C0EF /* FourthViewofMathQuiz.swift */; };
		BD668E5D2E3C15D900B9C0EF /* FifthViewofMathQuizworking.swift in Sources */ = {isa = PBXBuildFile; fileRef = BD668E5C2E3C15D900B9C0EF /* FifthViewofMathQuizworking.swift */; };
		BD668E5F2E3C163200B9C0EF /* ScorePage.swift in Sources */ = {isa = PBXBuildFile; fileRef = BD668E5E2E3C163200B9C0EF /* ScorePage.swift */; };
/* End PBXBuildFile section */

/* Begin PBXFileReference section */
		BD668E472E3A8CC200B9C0EF /* Questions.swift */ = {isa = PBXFileReference; lastKnownFileType = sourcecode.swift; path = Questions.swift; sourceTree = "<group>"; };
		BD668E562E3C152E00B9C0EF /* SecondViewofMathQuiz.swift */ = {isa = PBXFileReference; lastKnownFileType = sourcecode.swift; path = SecondViewofMathQuiz.swift; sourceTree = "<group>"; };
		BD668E582E3C157500B9C0EF /* ThirdViewofMathQuiz.swift */ = {isa = PBXFileReference; lastKnownFileType = sourcecode.swift; path = ThirdViewofMathQuiz.swift; sourceTree = "<group>"; };
		BD668E5A2E3C159C00B9C0EF /* FourthViewofMathQuiz.swift */ = {isa = PBXFileReference; lastKnownFileType = sourcecode.swift; path = FourthViewofMathQuiz.swift; sourceTree = "<group>"; };
		BD668E5C2E3C15D900B9C0EF /* FifthViewofMathQuizworking.swift */ = {isa = PBXFileReference; lastKnownFileType = sourcecode.swift; path = FifthViewofMathQuizworking.swift; sourceTree = "<group>"; };
		BD668E5E2E3C163200B9C0EF /* ScorePage.swift */ = {isa = PBXFileReference; lastKnownFileType = sourcecode.swift; path = ScorePage.swift; sourceTree = "<group>"; };
		BDC8D1922E3933DE00EFDB86 /* SATisfyingPrep.app */ = {isa = PBXFileReference; explicitFileType = wrapper.application; includeInIndex = 0; path = SATisfyingPrep.app; sourceTree = BUILT_PRODUCTS_DIR; };
/* End PBXFileReference section */

/* Begin PBXFileSystemSynchronizedRootGroup section */
		BDC8D1942E3933DE00EFDB86 /* SATisfyingPrep */ = {
			isa = PBXFileSystemSynchronizedRootGroup;
			path = SATisfyingPrep;
			sourceTree = "<group>";
		};
/* End PBXFileSystemSynchronizedRootGroup section */

/* Begin PBXFrameworksBuildPhase section */
		BDC8D18F2E3933DE00EFDB86 /* Frameworks */ = {
			isa = PBXFrameworksBuildPhase;
			buildActionMask = 2147483647;
			files = (
			);
			runOnlyForDeploymentPostprocessing = 0;
		};
/* End PBXFrameworksBuildPhase section */

/* Begin PBXGroup section */
		BDC8D1892E3933DE00EFDB86 = {
			isa = PBXGroup;
			children = (
				BD668E562E3C152E00B9C0EF /* SecondViewofMathQuiz.swift */,
				BD668E582E3C157500B9C0EF /* ThirdViewofMathQuiz.swift */,
				BD668E5A2E3C159C00B9C0EF /* FourthViewofMathQuiz.swift */,
				BD668E5C2E3C15D900B9C0EF /* FifthViewofMathQuizworking.swift */,
				BD668E5E2E3C163200B9C0EF /* ScorePage.swift */,
				BD668E472E3A8CC200B9C0EF /* Questions.swift */,
				BDC8D1942E3933DE00EFDB86 /* SATisfyingPrep */,
				BDC8D1932E3933DE00EFDB86 /* Products */,
			);
			sourceTree = "<group>";
		};
		BDC8D1932E3933DE00EFDB86 /* Products */ = {
			isa = PBXGroup;
			children = (
				BDC8D1922E3933DE00EFDB86 /* SATisfyingPrep.app */,
			);
			name = Products;
			sourceTree = "<group>";
		};
/* End PBXGroup section */

/* Begin PBXNativeTarget section */
		BDC8D1912E3933DE00EFDB86 /* SATisfyingPrep */ = {
			isa = PBXNativeTarget;
			buildConfigurationList = BDC8D19D2E3933E000EFDB86 /* Build configuration list for PBXNativeTarget "SATisfyingPrep" */;
			buildPhases = (
				BDC8D18E2E3933DE00EFDB86 /* Sources */,
				BDC8D18F2E3933DE00EFDB86 /* Frameworks */,
				BDC8D1902E3933DE00EFDB86 /* Resources */,
			);
			buildRules = (
			);
			dependencies = (
			);
			fileSystemSynchronizedGroups = (
				BDC8D1942E3933DE00EFDB86 /* SATisfyingPrep */,
			);
			name = SATisfyingPrep;
			packageProductDependencies = (
			);
			productName = SATisfyingPrep;
			productReference = BDC8D1922E3933DE00EFDB86 /* SATisfyingPrep.app */;
			productType = "com.apple.product-type.application";
		};
/* End PBXNativeTarget section */

/* Begin PBXProject section */
		BDC8D18A2E3933DE00EFDB86 /* Project object */ = {
			isa = PBXProject;
			attributes = {
				BuildIndependentTargetsInParallel = 1;
				LastSwiftUpdateCheck = 1640;
				LastUpgradeCheck = 1640;
				TargetAttributes = {
					BDC8D1912E3933DE00EFDB86 = {
						CreatedOnToolsVersion = 16.4;
					};
				};
			};
			buildConfigurationList = BDC8D18D2E3933DE00EFDB86 /* Build configuration list for PBXProject "SATisfyingPrep" */;
			developmentRegion = en;
			hasScannedForEncodings = 0;
			knownRegions = (
				en,
				Base,
			);
			mainGroup = BDC8D1892E3933DE00EFDB86;
			minimizedProjectReferenceProxies = 1;
			preferredProjectObjectVersion = 77;
			productRefGroup = BDC8D1932E3933DE00EFDB86 /* Products */;
			projectDirPath = "";
			projectRoot = "";
			targets = (
				BDC8D1912E3933DE00EFDB86 /* SATisfyingPrep */,
			);
		};
/* End PBXProject section */

/* Begin PBXResourcesBuildPhase section */
		BDC8D1902E3933DE00EFDB86 /* Resources */ = {
			isa = PBXResourcesBuildPhase;
			buildActionMask = 2147483647;
			files = (
			);
			runOnlyForDeploymentPostprocessing = 0;
		};
/* End PBXResourcesBuildPhase section */

/* Begin PBXSourcesBuildPhase section */
		BDC8D18E2E3933DE00EFDB86 /* Sources */ = {
			isa = PBXSourcesBuildPhase;
			buildActionMask = 2147483647;
			files = (
				BD668E592E3C157500B9C0EF /* ThirdViewofMathQuiz.swift in Sources */,
				BD668E492E3A8CC200B9C0EF /* Questions.swift in Sources */,
				BD668E572E3C152E00B9C0EF /* SecondViewofMathQuiz.swift in Sources */,
				BD668E5D2E3C15D900B9C0EF /* FifthViewofMathQuizworking.swift in Sources */,
				BD668E5B2E3C159C00B9C0EF /* FourthViewofMathQuiz.swift in Sources */,
				BD668E5F2E3C163200B9C0EF /* ScorePage.swift in Sources */,
			);
			runOnlyForDeploymentPostprocessing = 0;
		};
/* End PBXSourcesBuildPhase section */

/* Begin XCBuildConfiguration section */
		BDC8D19B2E3933E000EFDB86 /* Debug */ = {
			isa = XCBuildConfiguration;
			buildSettings = {
				ALWAYS_SEARCH_USER_PATHS = NO;
				ASSETCATALOG_COMPILER_GENERATE_SWIFT_ASSET_SYMBOL_EXTENSIONS = YES;
				CLANG_ANALYZER_NONNULL = YES;
				CLANG_ANALYZER_NUMBER_OBJECT_CONVERSION = YES_AGGRESSIVE;
				CLANG_CXX_LANGUAGE_STANDARD = "gnu++20";
				CLANG_ENABLE_MODULES = YES;
				CLANG_ENABLE_OBJC_ARC = YES;
				CLANG_ENABLE_OBJC_WEAK = YES;
				CLANG_WARN_BLOCK_CAPTURE_AUTORELEASING = YES;
				CLANG_WARN_BOOL_CONVERSION = YES;
				CLANG_WARN_COMMA = YES;
				CLANG_WARN_CONSTANT_CONVERSION = YES;
				CLANG_WARN_DEPRECATED_OBJC_IMPLEMENTATIONS = YES;
				CLANG_WARN_DIRECT_OBJC_ISA_USAGE = YES_ERROR;
				CLANG_WARN_DOCUMENTATION_COMMENTS = YES;
				CLANG_WARN_EMPTY_BODY = YES;
				CLANG_WARN_ENUM_CONVERSION = YES;
				CLANG_WARN_INFINITE_RECURSION = YES;
				CLANG_WARN_INT_CONVERSION = YES;
				CLANG_WARN_NON_LITERAL_NULL_CONVERSION = YES;
				CLANG_WARN_OBJC_IMPLICIT_RETAIN_SELF = YES;
				CLANG_WARN_OBJC_LITERAL_CONVERSION = YES;
				CLANG_WARN_OBJC_ROOT_CLASS = YES_ERROR;
				CLANG_WARN_QUOTED_INCLUDE_IN_FRAMEWORK_HEADER = YES;
				CLANG_WARN_RANGE_LOOP_ANALYSIS = YES;
				CLANG_WARN_STRICT_PROTOTYPES = YES;
				CLANG_WARN_SUSPICIOUS_MOVE = YES;
				CLANG_WARN_UNGUARDED_AVAILABILITY = YES_AGGRESSIVE;
				CLANG_WARN_UNREACHABLE_CODE = YES;
				CLANG_WARN__DUPLICATE_METHOD_MATCH = YES;
				COPY_PHASE_STRIP = NO;
				DEBUG_INFORMATION_FORMAT = dwarf;
				ENABLE_STRICT_OBJC_MSGSEND = YES;
				ENABLE_TESTABILITY = YES;
				ENABLE_USER_SCRIPT_SANDBOXING = YES;
				GCC_C_LANGUAGE_STANDARD = gnu17;
				GCC_DYNAMIC_NO_PIC = NO;
				GCC_NO_COMMON_BLOCKS = YES;
				GCC_OPTIMIZATION_LEVEL = 0;
				GCC_PREPROCESSOR_DEFINITIONS = (
					"DEBUG=1",
					"$(inherited)",
				);
				GCC_WARN_64_TO_32_BIT_CONVERSION = YES;
				GCC_WARN_ABOUT_RETURN_TYPE = YES_ERROR;
				GCC_WARN_UNDECLARED_SELECTOR = YES;
				GCC_WARN_UNINITIALIZED_AUTOS = YES_AGGRESSIVE;
				GCC_WARN_UNUSED_FUNCTION = YES;
				GCC_WARN_UNUSED_VARIABLE = YES;
				IPHONEOS_DEPLOYMENT_TARGET = 18.5;
				LOCALIZATION_PREFERS_STRING_CATALOGS = YES;
				MTL_ENABLE_DEBUG_INFO = INCLUDE_SOURCE;
				MTL_FAST_MATH = YES;
				ONLY_ACTIVE_ARCH = YES;
				SDKROOT = iphoneos;
				SWIFT_ACTIVE_COMPILATION_CONDITIONS = "DEBUG $(inherited)";
				SWIFT_OPTIMIZATION_LEVEL = "-Onone";
			};
			name = Debug;
		};
		BDC8D19C2E3933E000EFDB86 /* Release */ = {
			isa = XCBuildConfiguration;
			buildSettings = {
				ALWAYS_SEARCH_USER_PATHS = NO;
				ASSETCATALOG_COMPILER_GENERATE_SWIFT_ASSET_SYMBOL_EXTENSIONS = YES;
				CLANG_ANALYZER_NONNULL = YES;
				CLANG_ANALYZER_NUMBER_OBJECT_CONVERSION = YES_AGGRESSIVE;
				CLANG_CXX_LANGUAGE_STANDARD = "gnu++20";
				CLANG_ENABLE_MODULES = YES;
				CLANG_ENABLE_OBJC_ARC = YES;
				CLANG_ENABLE_OBJC_WEAK = YES;
				CLANG_WARN_BLOCK_CAPTURE_AUTORELEASING = YES;
				CLANG_WARN_BOOL_CONVERSION = YES;
				CLANG_WARN_COMMA = YES;
				CLANG_WARN_CONSTANT_CONVERSION = YES;
				CLANG_WARN_DEPRECATED_OBJC_IMPLEMENTATIONS = YES;
				CLANG_WARN_DIRECT_OBJC_ISA_USAGE = YES_ERROR;
				CLANG_WARN_DOCUMENTATION_COMMENTS = YES;
				CLANG_WARN_EMPTY_BODY = YES;
				CLANG_WARN_ENUM_CONVERSION = YES;
				CLANG_WARN_INFINITE_RECURSION = YES;
				CLANG_WARN_INT_CONVERSION = YES;
				CLANG_WARN_NON_LITERAL_NULL_CONVERSION = YES;
				CLANG_WARN_OBJC_IMPLICIT_RETAIN_SELF = YES;
				CLANG_WARN_OBJC_LITERAL_CONVERSION = YES;
				CLANG_WARN_OBJC_ROOT_CLASS = YES_ERROR;
				CLANG_WARN_QUOTED_INCLUDE_IN_FRAMEWORK_HEADER = YES;
				CLANG_WARN_RANGE_LOOP_ANALYSIS = YES;
				CLANG_WARN_STRICT_PROTOTYPES = YES;
				CLANG_WARN_SUSPICIOUS_MOVE = YES;
				CLANG_WARN_UNGUARDED_AVAILABILITY = YES_AGGRESSIVE;
				CLANG_WARN_UNREACHABLE_CODE = YES;
				CLANG_WARN__DUPLICATE_METHOD_MATCH = YES;
				COPY_PHASE_STRIP = NO;
				DEBUG_INFORMATION_FORMAT = "dwarf-with-dsym";
				ENABLE_NS_ASSERTIONS = NO;
				ENABLE_STRICT_OBJC_MSGSEND = YES;
				ENABLE_USER_SCRIPT_SANDBOXING = YES;
				GCC_C_LANGUAGE_STANDARD = gnu17;
				GCC_NO_COMMON_BLOCKS = YES;
				GCC_WARN_64_TO_32_BIT_CONVERSION = YES;
				GCC_WARN_ABOUT_RETURN_TYPE = YES_ERROR;
				GCC_WARN_UNDECLARED_SELECTOR = YES;
				GCC_WARN_UNINITIALIZED_AUTOS = YES_AGGRESSIVE;
				GCC_WARN_UNUSED_FUNCTION = YES;
				GCC_WARN_UNUSED_VARIABLE = YES;
				IPHONEOS_DEPLOYMENT_TARGET = 18.5;
				LOCALIZATION_PREFERS_STRING_CATALOGS = YES;
				MTL_ENABLE_DEBUG_INFO = NO;
				MTL_FAST_MATH = YES;
				SDKROOT = iphoneos;
				SWIFT_COMPILATION_MODE = wholemodule;
				VALIDATE_PRODUCT = YES;
			};
			name = Release;
		};
		BDC8D19E2E3933E000EFDB86 /* Debug */ = {
			isa = XCBuildConfiguration;
			buildSettings = {
				ASSETCATALOG_COMPILER_APPICON_NAME = AppIcon;
				ASSETCATALOG_COMPILER_GLOBAL_ACCENT_COLOR_NAME = AccentColor;
				CODE_SIGN_STYLE = Automatic;
				CURRENT_PROJECT_VERSION = 1;
				ENABLE_PREVIEWS = YES;
				GENERATE_INFOPLIST_FILE = YES;
				INFOPLIST_KEY_UIApplicationSceneManifest_Generation = YES;
				INFOPLIST_KEY_UIApplicationSupportsIndirectInputEvents = YES;
				INFOPLIST_KEY_UILaunchScreen_Generation = YES;
				INFOPLIST_KEY_UISupportedInterfaceOrientations_iPad = "UIInterfaceOrientationPortrait UIInterfaceOrientationPortraitUpsideDown UIInterfaceOrientationLandscapeLeft UIInterfaceOrientationLandscapeRight";
				INFOPLIST_KEY_UISupportedInterfaceOrientations_iPhone = "UIInterfaceOrientationPortrait UIInterfaceOrientationLandscapeLeft UIInterfaceOrientationLandscapeRight";
				LD_RUNPATH_SEARCH_PATHS = (
					"$(inherited)",
					"@executable_path/Frameworks",
				);
				MARKETING_VERSION = 1.0;
				PRODUCT_BUNDLE_IDENTIFIER = kwk.SATisfyingPrep;
				PRODUCT_NAME = "$(TARGET_NAME)";
				SWIFT_EMIT_LOC_STRINGS = YES;
				SWIFT_VERSION = 5.0;
				TARGETED_DEVICE_FAMILY = "1,2";
			};
			name = Debug;
		};
		BDC8D19F2E3933E000EFDB86 /* Release */ = {
			isa = XCBuildConfiguration;
			buildSettings = {
				ASSETCATALOG_COMPILER_APPICON_NAME = AppIcon;
				ASSETCATALOG_COMPILER_GLOBAL_ACCENT_COLOR_NAME = AccentColor;
				CODE_SIGN_STYLE = Automatic;
				CURRENT_PROJECT_VERSION = 1;
				ENABLE_PREVIEWS = YES;
				GENERATE_INFOPLIST_FILE = YES;
				INFOPLIST_KEY_UIApplicationSceneManifest_Generation = YES;
				INFOPLIST_KEY_UIApplicationSupportsIndirectInputEvents = YES;
				INFOPLIST_KEY_UILaunchScreen_Generation = YES;
				INFOPLIST_KEY_UISupportedInterfaceOrientations_iPad = "UIInterfaceOrientationPortrait UIInterfaceOrientationPortraitUpsideDown UIInterfaceOrientationLandscapeLeft UIInterfaceOrientationLandscapeRight";
				INFOPLIST_KEY_UISupportedInterfaceOrientations_iPhone = "UIInterfaceOrientationPortrait UIInterfaceOrientationLandscapeLeft UIInterfaceOrientationLandscapeRight";
				LD_RUNPATH_SEARCH_PATHS = (
					"$(inherited)",
					"@executable_path/Frameworks",
				);
				MARKETING_VERSION = 1.0;
				PRODUCT_BUNDLE_IDENTIFIER = kwk.SATisfyingPrep;
				PRODUCT_NAME = "$(TARGET_NAME)";
				SWIFT_EMIT_LOC_STRINGS = YES;
				SWIFT_VERSION = 5.0;
				TARGETED_DEVICE_FAMILY = "1,2";
			};
			name = Release;
		};
/* End XCBuildConfiguration section */

/* Begin XCConfigurationList section */
		BDC8D18D2E3933DE00EFDB86 /* Build configuration list for PBXProject "SATisfyingPrep" */ = {
			isa = XCConfigurationList;
			buildConfigurations = (
				BDC8D19B2E3933E000EFDB86 /* Debug */,
				BDC8D19C2E3933E000EFDB86 /* Release */,
			);
			defaultConfigurationIsVisible = 0;
			defaultConfigurationName = Release;
		};
		BDC8D19D2E3933E000EFDB86 /* Build configuration list for PBXNativeTarget "SATisfyingPrep" */ = {
			isa = XCConfigurationList;
			buildConfigurations = (
				BDC8D19E2E3933E000EFDB86 /* Debug */,
				BDC8D19F2E3933E000EFDB86 /* Release */,
			);
			defaultConfigurationIsVisible = 0;
			defaultConfigurationName = Release;
		};
/* End XCConfigurationList section */
	};
	rootObject = BDC8D18A2E3933DE00EFDB86 /* Project object */;
}
